
Microsoft Visual Studio Solution File, Format Version 12.00
# Visual Studio Version 16
VisualStudioVersion = 16.0.31702.278
MinimumVisualStudioVersion = 10.0.40219.1
Project("{FAE04EC0-301F-11D3-BF4B-00C04F79EFBC}") = "Decision-making in conditions of uncertainty", "Decision-making in conditions of uncertainty.csproj", "{15A25E59-9054-419B-9F07-953960E68C2C}"
EndProject
Global
	GlobalSection(SolutionConfigurationPlatforms) = preSolution
		Debug|Any CPU = Debug|Any CPU
		Release|Any CPU = Release|Any CPU
	EndGlobalSection
	GlobalSection(ProjectConfigurationPlatforms) = postSolution
		{15A25E59-9054-419B-9F07-953960E68C2C}.Debug|Any CPU.ActiveCfg = Debug|Any CPU
		{15A25E59-9054-419B-9F07-953960E68C2C}.Debug|Any CPU.Build.0 = Debug|Any CPU
		{15A25E59-9054-419B-9F07-953960E68C2C}.Release|Any CPU.ActiveCfg = Release|Any CPU
		{15A25E59-9054-419B-9F07-953960E68C2C}.Release|Any CPU.Build.0 = Release|Any CPU
	EndGlobalSection
	GlobalSection(SolutionProperties) = preSolution
		HideSolutionNode = FALSE
	EndGlobalSection
	GlobalSection(ExtensibilityGlobals) = postSolution
		SolutionGuid = {A28E4181-EFF3-4800-A1BD-2BF4DB9FD870}
	EndGlobalSection
EndGlobal
